
Microsoft Visual Studio Solution File, Format Version 12.00
# Visual Studio Version 16
VisualStudioVersion = 16.0.29215.179
MinimumVisualStudioVersion = 10.0.40219.1
Project("{FAE04EC0-301F-11D3-BF4B-00C04F79EFBC}") = "BlendBierShop", "BlendBierShop.csproj", "{E570FD8F-5AF4-4995-91E5-BA5B5BBFFB8F}"
EndProject
Global
	GlobalSection(SolutionConfigurationPlatforms) = preSolution
		Debug|Any CPU = Debug|Any CPU
		Release|Any CPU = Release|Any CPU
	EndGlobalSection
	GlobalSection(ProjectConfigurationPlatforms) = postSolution
		{E570FD8F-5AF4-4995-91E5-BA5B5BBFFB8F}.Debug|Any CPU.ActiveCfg = Debug|Any CPU
		{E570FD8F-5AF4-4995-91E5-BA5B5BBFFB8F}.Debug|Any CPU.Build.0 = Debug|Any CPU
		{E570FD8F-5AF4-4995-91E5-BA5B5BBFFB8F}.Release|Any CPU.ActiveCfg = Release|Any CPU
		{E570FD8F-5AF4-4995-91E5-BA5B5BBFFB8F}.Release|Any CPU.Build.0 = Release|Any CPU
	EndGlobalSection
	GlobalSection(SolutionProperties) = preSolution
		HideSolutionNode = FALSE
	EndGlobalSection
	GlobalSection(ExtensibilityGlobals) = postSolution
		SolutionGuid = {4AE0AE1A-585F-42AC-852A-5529AF7D76B5}
	EndGlobalSection
EndGlobal
